
Microsoft Visual Studio Solution File, Format Version 12.00
# Visual Studio Version 17
VisualStudioVersion = 17.11.35312.102
MinimumVisualStudioVersion = 10.0.40219.1
Project("{FAE04EC0-301F-11D3-BF4B-00C04F79EFBC}") = "CSharpEgitimGun2", "CSharpEgitimGun2\CSharpEgitimGun2.csproj", "{A96F4B89-272B-469A-88EF-B550F8FE4777}"
EndProject
Project("{FAE04EC0-301F-11D3-BF4B-00C04F79EFBC}") = "CSharpEgitimGun3", "CSharpEgitimGun3\CSharpEgitimGun3.csproj", "{AE78C4D8-F3DD-4EC7-9A35-4A14A5BBE745}"
EndProject
Project("{FAE04EC0-301F-11D3-BF4B-00C04F79EFBC}") = "CSharpEgitimGun4", "CSharpEgitimGun4\CSharpEgitimGun4.csproj", "{24EC601F-AB6B-48B4-AF2A-09096EA0CCDF}"
EndProject
Project("{FAE04EC0-301F-11D3-BF4B-00C04F79EFBC}") = "CSharpEgitimGun5", "CSharpEgitimGun5\CSharpEgitimGun5.csproj", "{740CFD4C-0315-4227-9885-1FDB54825DFE}"
EndProject
Project("{FAE04EC0-301F-11D3-BF4B-00C04F79EFBC}") = "CSharpEgitimGun6", "CSharpEgitimGun6\CSharpEgitimGun6.csproj", "{33F90920-8A48-461C-A38F-F0DB643BE0A6}"
EndProject
Global
	GlobalSection(SolutionConfigurationPlatforms) = preSolution
		Debug|Any CPU = Debug|Any CPU
		Release|Any CPU = Release|Any CPU
	EndGlobalSection
	GlobalSection(ProjectConfigurationPlatforms) = postSolution
		{A96F4B89-272B-469A-88EF-B550F8FE4777}.Debug|Any CPU.ActiveCfg = Debug|Any CPU
		{A96F4B89-272B-469A-88EF-B550F8FE4777}.Debug|Any CPU.Build.0 = Debug|Any CPU
		{A96F4B89-272B-469A-88EF-B550F8FE4777}.Release|Any CPU.ActiveCfg = Release|Any CPU
		{A96F4B89-272B-469A-88EF-B550F8FE4777}.Release|Any CPU.Build.0 = Release|Any CPU
		{AE78C4D8-F3DD-4EC7-9A35-4A14A5BBE745}.Debug|Any CPU.ActiveCfg = Debug|Any CPU
		{AE78C4D8-F3DD-4EC7-9A35-4A14A5BBE745}.Debug|Any CPU.Build.0 = Debug|Any CPU
		{AE78C4D8-F3DD-4EC7-9A35-4A14A5BBE745}.Release|Any CPU.ActiveCfg = Release|Any CPU
		{AE78C4D8-F3DD-4EC7-9A35-4A14A5BBE745}.Release|Any CPU.Build.0 = Release|Any CPU
		{24EC601F-AB6B-48B4-AF2A-09096EA0CCDF}.Debug|Any CPU.ActiveCfg = Debug|Any CPU
		{24EC601F-AB6B-48B4-AF2A-09096EA0CCDF}.Debug|Any CPU.Build.0 = Debug|Any CPU
		{24EC601F-AB6B-48B4-AF2A-09096EA0CCDF}.Release|Any CPU.ActiveCfg = Release|Any CPU
		{24EC601F-AB6B-48B4-AF2A-09096EA0CCDF}.Release|Any CPU.Build.0 = Release|Any CPU
		{740CFD4C-0315-4227-9885-1FDB54825DFE}.Debug|Any CPU.ActiveCfg = Debug|Any CPU
		{740CFD4C-0315-4227-9885-1FDB54825DFE}.Debug|Any CPU.Build.0 = Debug|Any CPU
		{740CFD4C-0315-4227-9885-1FDB54825DFE}.Release|Any CPU.ActiveCfg = Release|Any CPU
		{740CFD4C-0315-4227-9885-1FDB54825DFE}.Release|Any CPU.Build.0 = Release|Any CPU
		{33F90920-8A48-461C-A38F-F0DB643BE0A6}.Debug|Any CPU.ActiveCfg = Debug|Any CPU
		{33F90920-8A48-461C-A38F-F0DB643BE0A6}.Debug|Any CPU.Build.0 = Debug|Any CPU
		{33F90920-8A48-461C-A38F-F0DB643BE0A6}.Release|Any CPU.ActiveCfg = Release|Any CPU
		{33F90920-8A48-461C-A38F-F0DB643BE0A6}.Release|Any CPU.Build.0 = Release|Any CPU
	EndGlobalSection
	GlobalSection(SolutionProperties) = preSolution
		HideSolutionNode = FALSE
	EndGlobalSection
	GlobalSection(ExtensibilityGlobals) = postSolution
		SolutionGuid = {995B7DA0-14B9-46D4-B4C8-63D3EA7CC0C0}
	EndGlobalSection
EndGlobal
